version = 1
revision = 2
requires-python = ">=3.12"

[manifest]
members = [
    "app",
    "functions",
]

[[package]]
name = "amazon-textract-prettyprinter"
version = "0.1.10"
source = { registry = "https://pypi.org/simple" }
dependencies = [
    { name = "amazon-textract-response-parser" },
    { name = "boto3" },
    { name = "botocore" },
    { name = "tabulate" },
]
sdist = { url = "https://files.pythonhosted.org/packages/a2/cb/ed669e79677dd7eccff06d293ba0d914659817d43ab742df4ab3a814d794/amazon-textract-prettyprinter-0.1.10.tar.gz", hash = "sha256:b45e224be8c6aaf85a3a2e3f63bbc1bafe9f04cc1be14fa785ed009bb72ff291", size = 18442, upload-time = "2024-05-15T15:01:55.01Z" }
wheels = [
    { url = "https://files.pythonhosted.org/packages/64/aa/9c30283b37177902f2636a496cc80c8221a60315e176d127f23c606b911e/amazon_textract_prettyprinter-0.1.10-py2.py3-none-any.whl", hash = "sha256:2c60c0e8ba10d1f3775dfbb12e6e00e700e8283591513715b641bfb98c8f0ddf", size = 20555, upload-time = "2024-05-15T15:01:53.145Z" },
]

[[package]]
name = "amazon-textract-response-parser"
version = "0.1.48"
source = { registry = "https://pypi.org/simple" }
dependencies = [
    { name = "boto3" },
    { name = "marshmallow" },
]
sdist = { url = "https://files.pythonhosted.org/packages/24/6a/374e7982be83ef5777f064ade1b7df60ee0c34bc94cd8b30002f2912f805/amazon-textract-response-parser-0.1.48.tar.gz", hash = "sha256:256206ade08318569c0e66d842cb9c98862990a3bccaadcb060dad2d225e6234", size = 27642, upload-time = "2023-06-01T23:46:29.212Z" }
wheels = [
    { url = "https://files.pythonhosted.org/packages/5a/35/852423fbef821c24e34b267934fa75ee3745daf5d698b830e0315d8e74c8/amazon_textract_response_parser-0.1.48-py2.py3-none-any.whl", hash = "sha256:3f56911cf58f6abc73822c4fb991b9a46b2816887a34f856f2ccbf1dd0d8651e", size = 29798, upload-time = "2023-06-01T23:46:26.888Z" },
]

[[package]]
name = "app"
version = "0.1.0"
source = { virtual = "." }
dependencies = [
    { name = "boto3" },
    { name = "botocore" },
]

[package.metadata]
requires-dist = [
    { name = "boto3", specifier = ">=1.40.13" },
    { name = "botocore", specifier = ">=1.40.13" },
]

[[package]]
name = "boto3"
version = "1.40.13"
source = { registry = "https://pypi.org/simple" }
dependencies = [
    { name = "botocore" },
    { name = "jmespath" },
    { name = "s3transfer" },
]
sdist = { url = "https://files.pythonhosted.org/packages/e3/f2/3f7e2b2d866cdce0fceca7aa19baba939291200b7087defc6063b183d7cc/boto3-1.40.13.tar.gz", hash = "sha256:7ff74221328868c5f7dcd7a9b959e7b882c1ab1b04cc9df868ea70de7d8bd004", size = 111961, upload-time = "2025-08-19T20:41:00.341Z" }
wheels = [
    { url = "https://files.pythonhosted.org/packages/e4/63/43a2eaad011b0025ce12a2ffa6d1fea9a34d06b7d33bf32c54cc1eb2df65/boto3-1.40.13-py3-none-any.whl", hash = "sha256:b43110b6ad30e683fab769b4c5659b6b0606afa535627de831f7181306009d5e", size = 140075, upload-time = "2025-08-19T20:40:59.014Z" },
]

[[package]]
name = "botocore"
version = "1.40.13"
source = { registry = "https://pypi.org/simple" }
dependencies = [
    { name = "jmespath" },
    { name = "python-dateutil" },
    { name = "urllib3" },
]
sdist = { url = "https://files.pythonhosted.org/packages/8b/79/f8bd10ff414d0f2ecc2cbad09af384b962b22bb8a741da41e510c9e06bf1/botocore-1.40.13.tar.gz", hash = "sha256:d7003526a9169e8ab3566db2227cf0b85d9e689e9ff97f2803c629a8e4624fb5", size = 14349658, upload-time = "2025-08-19T20:40:49.97Z" }
wheels = [
    { url = "https://files.pythonhosted.org/packages/9a/d3/7132aef7b202f3256027b3ac4caff5878e01be4d16062c2a7a92c430f120/botocore-1.40.13-py3-none-any.whl", hash = "sha256:5bf7334d6a0a87a907d607b115710bede2440376cefa8c33b0d99571fb226d87", size = 14018709, upload-time = "2025-08-19T20:40:44.783Z" },
]

[[package]]
name = "functions"
version = "0.1.0"
source = { editable = "functions" }
dependencies = [
    { name = "amazon-textract-prettyprinter" },
    { name = "boto3" },
    { name = "botocore" },
]

[package.metadata]
requires-dist = [
    { name = "amazon-textract-prettyprinter", specifier = ">=0.1.10" },
    { name = "boto3", specifier = ">=1.40.13" },
    { name = "botocore", specifier = ">=1.40.13" },
]

[[package]]
name = "jmespath"
version = "1.0.1"
source = { registry = "https://pypi.org/simple" }
sdist = { url = "https://files.pythonhosted.org/packages/00/2a/e867e8531cf3e36b41201936b7fa7ba7b5702dbef42922193f05c8976cd6/jmespath-1.0.1.tar.gz", hash = "sha256:90261b206d6defd58fdd5e85f478bf633a2901798906be2ad389150c5c60edbe", size = 25843, upload-time = "2022-06-17T18:00:12.224Z" }
wheels = [
    { url = "https://files.pythonhosted.org/packages/31/b4/b9b800c45527aadd64d5b442f9b932b00648617eb5d63d2c7a6587b7cafc/jmespath-1.0.1-py3-none-any.whl", hash = "sha256:02e2e4cc71b5bcab88332eebf907519190dd9e6e82107fa7f83b1003a6252980", size = 20256, upload-time = "2022-06-17T18:00:10.251Z" },
]

[[package]]
name = "marshmallow"
version = "3.26.1"
source = { registry = "https://pypi.org/simple" }
dependencies = [
    { name = "packaging" },
]
sdist = { url = "https://files.pythonhosted.org/packages/ab/5e/5e53d26b42ab75491cda89b871dab9e97c840bf12c63ec58a1919710cd06/marshmallow-3.26.1.tar.gz", hash = "sha256:e6d8affb6cb61d39d26402096dc0aee12d5a26d490a121f118d2e81dc0719dc6", size = 221825, upload-time = "2025-02-03T15:32:25.093Z" }
wheels = [
    { url = "https://files.pythonhosted.org/packages/34/75/51952c7b2d3873b44a0028b1bd26a25078c18f92f256608e8d1dc61b39fd/marshmallow-3.26.1-py3-none-any.whl", hash = "sha256:3350409f20a70a7e4e11a27661187b77cdcaeb20abca41c1454fe33636bea09c", size = 50878, upload-time = "2025-02-03T15:32:22.295Z" },
]

[[package]]
name = "packaging"
version = "25.0"
source = { registry = "https://pypi.org/simple" }
sdist = { url = "https://files.pythonhosted.org/packages/a1/d4/1fc4078c65507b51b96ca8f8c3ba19e6a61c8253c72794544580a7b6c24d/packaging-25.0.tar.gz", hash = "sha256:d443872c98d677bf60f6a1f2f8c1cb748e8fe762d2bf9d3148b5599295b0fc4f", size = 165727, upload-time = "2025-04-19T11:48:59.673Z" }
wheels = [
    { url = "https://files.pythonhosted.org/packages/20/12/38679034af332785aac8774540895e234f4d07f7545804097de4b666afd8/packaging-25.0-py3-none-any.whl", hash = "sha256:29572ef2b1f17581046b3a2227d5c611fb25ec70ca1ba8554b24b0e69331a484", size = 66469, upload-time = "2025-04-19T11:48:57.875Z" },
]

[[package]]
name = "python-dateutil"
version = "2.9.0.post0"
source = { registry = "https://pypi.org/simple" }
dependencies = [
    { name = "six" },
]
sdist = { url = "https://files.pythonhosted.org/packages/66/c0/0c8b6ad9f17a802ee498c46e004a0eb49bc148f2fd230864601a86dcf6db/python-dateutil-2.9.0.post0.tar.gz", hash = "sha256:37dd54208da7e1cd875388217d5e00ebd4179249f90fb72437e91a35459a0ad3", size = 342432, upload-time = "2024-03-01T18:36:20.211Z" }
wheels = [
    { url = "https://files.pythonhosted.org/packages/ec/57/56b9bcc3c9c6a792fcbaf139543cee77261f3651ca9da0c93f5c1221264b/python_dateutil-2.9.0.post0-py2.py3-none-any.whl", hash = "sha256:a8b2bc7bffae282281c8140a97d3aa9c14da0b136dfe83f850eea9a5f7470427", size = 229892, upload-time = "2024-03-01T18:36:18.57Z" },
]

[[package]]
name = "s3transfer"
version = "0.13.1"
source = { registry = "https://pypi.org/simple" }
dependencies = [
    { name = "botocore" },
]
sdist = { url = "https://files.pythonhosted.org/packages/6d/05/d52bf1e65044b4e5e27d4e63e8d1579dbdec54fce685908ae09bc3720030/s3transfer-0.13.1.tar.gz", hash = "sha256:c3fdba22ba1bd367922f27ec8032d6a1cf5f10c934fb5d68cf60fd5a23d936cf", size = 150589, upload-time = "2025-07-18T19:22:42.31Z" }
wheels = [
    { url = "https://files.pythonhosted.org/packages/6d/4f/d073e09df851cfa251ef7840007d04db3293a0482ce607d2b993926089be/s3transfer-0.13.1-py3-none-any.whl", hash = "sha256:a981aa7429be23fe6dfc13e80e4020057cbab622b08c0315288758d67cabc724", size = 85308, upload-time = "2025-07-18T19:22:40.947Z" },
]

[[package]]
name = "six"
version = "1.17.0"
source = { registry = "https://pypi.org/simple" }
sdist = { url = "https://files.pythonhosted.org/packages/94/e7/b2c673351809dca68a0e064b6af791aa332cf192da575fd474ed7d6f16a2/six-1.17.0.tar.gz", hash = "sha256:ff70335d468e7eb6ec65b95b99d3a2836546063f63acc5171de367e834932a81", size = 34031, upload-time = "2024-12-04T17:35:28.174Z" }
wheels = [
    { url = "https://files.pythonhosted.org/packages/b7/ce/149a00dd41f10bc29e5921b496af8b574d8413afcd5e30dfa0ed46c2cc5e/six-1.17.0-py2.py3-none-any.whl", hash = "sha256:4721f391ed90541fddacab5acf947aa0d3dc7d27b2e1e8eda2be8970586c3274", size = 11050, upload-time = "2024-12-04T17:35:26.475Z" },
]

[[package]]
name = "tabulate"
version = "0.9.0"
source = { registry = "https://pypi.org/simple" }
sdist = { url = "https://files.pythonhosted.org/packages/ec/fe/802052aecb21e3797b8f7902564ab6ea0d60ff8ca23952079064155d1ae1/tabulate-0.9.0.tar.gz", hash = "sha256:0095b12bf5966de529c0feb1fa08671671b3368eec77d7ef7ab114be2c068b3c", size = 81090, upload-time = "2022-10-06T17:21:48.54Z" }
wheels = [
    { url = "https://files.pythonhosted.org/packages/40/44/4a5f08c96eb108af5cb50b41f76142f0afa346dfa99d5296fe7202a11854/tabulate-0.9.0-py3-none-any.whl", hash = "sha256:024ca478df22e9340661486f85298cff5f6dcdba14f3813e8830015b9ed1948f", size = 35252, upload-time = "2022-10-06T17:21:44.262Z" },
]

[[package]]
name = "urllib3"
version = "2.5.0"
source = { registry = "https://pypi.org/simple" }
sdist = { url = "https://files.pythonhosted.org/packages/15/22/9ee70a2574a4f4599c47dd506532914ce044817c7752a79b6a51286319bc/urllib3-2.5.0.tar.gz", hash = "sha256:3fc47733c7e419d4bc3f6b3dc2b4f890bb743906a30d56ba4a5bfa4bbff92760", size = 393185, upload-time = "2025-06-18T14:07:41.644Z" }
wheels = [
    { url = "https://files.pythonhosted.org/packages/a7/c2/fe1e52489ae3122415c51f387e221dd0773709bad6c6cdaa599e8a2c5185/urllib3-2.5.0-py3-none-any.whl", hash = "sha256:e6b01673c0fa6a13e374b50871808eb3bf7046c4b125b216f6bf1cc604cff0dc", size = 129795, upload-time = "2025-06-18T14:07:40.39Z" },
]
